
Microsoft Visual Studio Solution File, Format Version 12.00
# Visual Studio Version 16
VisualStudioVersion = 16.0.30907.101
MinimumVisualStudioVersion = 10.0.40219.1
Project("{FAE04EC0-301F-11D3-BF4B-00C04F79EFBC}") = "FlappyBird", "FlappyBird.csproj", "{AD531B45-05FE-4BD9-9DC0-F7C03F4A1B62}"
EndProject
Global
	GlobalSection(SolutionConfigurationPlatforms) = preSolution
		Debug|Any CPU = Debug|Any CPU
		Release|Any CPU = Release|Any CPU
	EndGlobalSection
	GlobalSection(ProjectConfigurationPlatforms) = postSolution
		{AD531B45-05FE-4BD9-9DC0-F7C03F4A1B62}.Debug|Any CPU.ActiveCfg = Debug|Any CPU
		{AD531B45-05FE-4BD9-9DC0-F7C03F4A1B62}.Debug|Any CPU.Build.0 = Debug|Any CPU
		{AD531B45-05FE-4BD9-9DC0-F7C03F4A1B62}.Release|Any CPU.ActiveCfg = Release|Any CPU
		{AD531B45-05FE-4BD9-9DC0-F7C03F4A1B62}.Release|Any CPU.Build.0 = Release|Any CPU
	EndGlobalSection
	GlobalSection(SolutionProperties) = preSolution
		HideSolutionNode = FALSE
	EndGlobalSection
	GlobalSection(ExtensibilityGlobals) = postSolution
		SolutionGuid = {282DB1EF-B0D8-4179-B3C8-956F0C68C329}
	EndGlobalSection
EndGlobal
